// !$*UTF8*$!
{
	archiveVersion = 1;
	classes = {
	};
	objectVersion = 55;
	objects = {

/* Begin PBXBuildFile section */
		6A34C87028661F710047D286 /* Movie.m in Sources */ = {isa = PBXBuildFile; fileRef = 6A34C86F28661F710047D286 /* Movie.m */; };
		6A34C87328663DA40047D286 /* APIManager.m in Sources */ = {isa = PBXBuildFile; fileRef = 6A34C87228663DA40047D286 /* APIManager.m */; };
		6A4ADBA8285C3B220063A266 /* DetailsViewController.m in Sources */ = {isa = PBXBuildFile; fileRef = 6A4ADBA7285C3B220063A266 /* DetailsViewController.m */; };
		6A4ADBAE285CEA360063A266 /* MovieGridController.m in Sources */ = {isa = PBXBuildFile; fileRef = 6A4ADBAD285CEA360063A266 /* MovieGridController.m */; };
		6A4ADBB4285CFBF40063A266 /* MovieGridCell.m in Sources */ = {isa = PBXBuildFile; fileRef = 6A4ADBB3285CFBF40063A266 /* MovieGridCell.m */; };
		6A7C4321285BD21200929103 /* MovieCell.m in Sources */ = {isa = PBXBuildFile; fileRef = 6A7C4320285BD21200929103 /* MovieCell.m */; };
		6A91048B285AEF0B00CF809C /* AppDelegate.m in Sources */ = {isa = PBXBuildFile; fileRef = 6A91048A285AEF0B00CF809C /* AppDelegate.m */; };
		6A91048E285AEF0B00CF809C /* SceneDelegate.m in Sources */ = {isa = PBXBuildFile; fileRef = 6A91048D285AEF0B00CF809C /* SceneDelegate.m */; };
		6A910494285AEF0B00CF809C /* Main.storyboard in Resources */ = {isa = PBXBuildFile; fileRef = 6A910492285AEF0B00CF809C /* Main.storyboard */; };
		6A910496285AEF0C00CF809C /* Assets.xcassets in Resources */ = {isa = PBXBuildFile; fileRef = 6A910495285AEF0C00CF809C /* Assets.xcassets */; };
		6A910499285AEF0C00CF809C /* LaunchScreen.storyboard in Resources */ = {isa = PBXBuildFile; fileRef = 6A910497285AEF0C00CF809C /* LaunchScreen.storyboard */; };
		6A91049C285AEF0C00CF809C /* main.m in Sources */ = {isa = PBXBuildFile; fileRef = 6A91049B285AEF0C00CF809C /* main.m */; };
		6A9104A6285AEF0C00CF809C /* FlixterTests.m in Sources */ = {isa = PBXBuildFile; fileRef = 6A9104A5285AEF0C00CF809C /* FlixterTests.m */; };
		6A9104B0285AEF0C00CF809C /* FlixterUITests.m in Sources */ = {isa = PBXBuildFile; fileRef = 6A9104AF285AEF0C00CF809C /* FlixterUITests.m */; };
		6A9104B2285AEF0C00CF809C /* FlixterUITestsLaunchTests.m in Sources */ = {isa = PBXBuildFile; fileRef = 6A9104B1285AEF0C00CF809C /* FlixterUITestsLaunchTests.m */; };
		6A9104C0285AFAF700CF809C /* MovieViewController.m in Sources */ = {isa = PBXBuildFile; fileRef = 6A9104BF285AFAF700CF809C /* MovieViewController.m */; };
		B1E4FD5EDB953CE8F8EFB9FE /* Pods_Flixter.framework in Frameworks */ = {isa = PBXBuildFile; fileRef = 84B5C6D2521B8A637BE98DA3 /* Pods_Flixter.framework */; };
		B7184D3F88F44316991BD1F0 /* Pods_Flixter_FlixterUITests.framework in Frameworks */ = {isa = PBXBuildFile; fileRef = 2CFDE6DAD5A5D95852ECD411 /* Pods_Flixter_FlixterUITests.framework */; };
		FE446CBF5CA0AA3D6562E10C /* Pods_FlixterTests.framework in Frameworks */ = {isa = PBXBuildFile; fileRef = 6D1093F1FA0D3EB45A270B5F /* Pods_FlixterTests.framework */; };
/* End PBXBuildFile section */

/* Begin PBXContainerItemProxy section */
		6A9104A2285AEF0C00CF809C /* PBXContainerItemProxy */ = {
			isa = PBXContainerItemProxy;
			containerPortal = 6A91047E285AEF0B00CF809C /* Project object */;
			proxyType = 1;
			remoteGlobalIDString = 6A910485285AEF0B00CF809C;
			remoteInfo = Flixter;
		};
		6A9104AC285AEF0C00CF809C /* PBXContainerItemProxy */ = {
			isa = PBXContainerItemProxy;
			containerPortal = 6A91047E285AEF0B00CF809C /* Project object */;
			proxyType = 1;
			remoteGlobalIDString = 6A910485285AEF0B00CF809C;
			remoteInfo = Flixter;
		};
/* End PBXContainerItemProxy section */

/* Begin PBXFileReference section */
		2CFDE6DAD5A5D95852ECD411 /* Pods_Flixter_FlixterUITests.framework */ = {isa = PBXFileReference; explicitFileType = wrapper.framework; includeInIndex = 0; path = Pods_Flixter_FlixterUITests.framework; sourceTree = BUILT_PRODUCTS_DIR; };
		346BE1FCB543FA44F08BBD66 /* Pods-Flixter-FlixterUITests.debug.xcconfig */ = {isa = PBXFileReference; includeInIndex = 1; lastKnownFileType = text.xcconfig; name = "Pods-Flixter-FlixterUITests.debug.xcconfig"; path = "Target Support Files/Pods-Flixter-FlixterUITests/Pods-Flixter-FlixterUITests.debug.xcconfig"; sourceTree = "<group>"; };
		3A21A664EA3EF4D8202A1BD9 /* Pods-FlixterTests.debug.xcconfig */ = {isa = PBXFileReference; includeInIndex = 1; lastKnownFileType = text.xcconfig; name = "Pods-FlixterTests.debug.xcconfig"; path = "Target Support Files/Pods-FlixterTests/Pods-FlixterTests.debug.xcconfig"; sourceTree = "<group>"; };
		4B1DC8631CAFBBE79EB53197 /* Pods-Flixter.debug.xcconfig */ = {isa = PBXFileReference; includeInIndex = 1; lastKnownFileType = text.xcconfig; name = "Pods-Flixter.debug.xcconfig"; path = "Target Support Files/Pods-Flixter/Pods-Flixter.debug.xcconfig"; sourceTree = "<group>"; };
		627783F6775BB771CB580035 /* Pods-Flixter-FlixterUITests.release.xcconfig */ = {isa = PBXFileReference; includeInIndex = 1; lastKnownFileType = text.xcconfig; name = "Pods-Flixter-FlixterUITests.release.xcconfig"; path = "Target Support Files/Pods-Flixter-FlixterUITests/Pods-Flixter-FlixterUITests.release.xcconfig"; sourceTree = "<group>"; };
		62E7ECC8735939B871BC14F7 /* Pods-FlixterTests.release.xcconfig */ = {isa = PBXFileReference; includeInIndex = 1; lastKnownFileType = text.xcconfig; name = "Pods-FlixterTests.release.xcconfig"; path = "Target Support Files/Pods-FlixterTests/Pods-FlixterTests.release.xcconfig"; sourceTree = "<group>"; };
		6A34C86E28661F710047D286 /* Movie.h */ = {isa = PBXFileReference; lastKnownFileType = sourcecode.c.h; path = Movie.h; sourceTree = "<group>"; };
		6A34C86F28661F710047D286 /* Movie.m */ = {isa = PBXFileReference; lastKnownFileType = sourcecode.c.objc; path = Movie.m; sourceTree = "<group>"; };
		6A34C87128663DA40047D286 /* APIManager.h */ = {isa = PBXFileReference; lastKnownFileType = sourcecode.c.h; path = APIManager.h; sourceTree = "<group>"; };
		6A34C87228663DA40047D286 /* APIManager.m */ = {isa = PBXFileReference; lastKnownFileType = sourcecode.c.objc; path = APIManager.m; sourceTree = "<group>"; };
		6A4ADBA6285C3B220063A266 /* DetailsViewController.h */ = {isa = PBXFileReference; lastKnownFileType = sourcecode.c.h; path = DetailsViewController.h; sourceTree = "<group>"; };
		6A4ADBA7285C3B220063A266 /* DetailsViewController.m */ = {isa = PBXFileReference; lastKnownFileType = sourcecode.c.objc; path = DetailsViewController.m; sourceTree = "<group>"; };
		6A4ADBAC285CEA360063A266 /* MovieGridController.h */ = {isa = PBXFileReference; lastKnownFileType = sourcecode.c.h; path = MovieGridController.h; sourceTree = "<group>"; };
		6A4ADBAD285CEA360063A266 /* MovieGridController.m */ = {isa = PBXFileReference; lastKnownFileType = sourcecode.c.objc; path = MovieGridController.m; sourceTree = "<group>"; };
		6A4ADBB2285CFBF40063A266 /* MovieGridCell.h */ = {isa = PBXFileReference; lastKnownFileType = sourcecode.c.h; path = MovieGridCell.h; sourceTree = "<group>"; };
		6A4ADBB3285CFBF40063A266 /* MovieGridCell.m */ = {isa = PBXFileReference; lastKnownFileType = sourcecode.c.objc; path = MovieGridCell.m; sourceTree = "<group>"; };
		6A7C431F285BD21200929103 /* MovieCell.h */ = {isa = PBXFileReference; lastKnownFileType = sourcecode.c.h; path = MovieCell.h; sourceTree = "<group>"; };
		6A7C4320285BD21200929103 /* MovieCell.m */ = {isa = PBXFileReference; lastKnownFileType = sourcecode.c.objc; path = MovieCell.m; sourceTree = "<group>"; };
		6A910486285AEF0B00CF809C /* Flixter.app */ = {isa = PBXFileReference; explicitFileType = wrapper.application; includeInIndex = 0; path = Flixter.app; sourceTree = BUILT_PRODUCTS_DIR; };
		6A910489285AEF0B00CF809C /* AppDelegate.h */ = {isa = PBXFileReference; lastKnownFileType = sourcecode.c.h; path = AppDelegate.h; sourceTree = "<group>"; };
		6A91048A285AEF0B00CF809C /* AppDelegate.m */ = {isa = PBXFileReference; lastKnownFileType = sourcecode.c.objc; path = AppDelegate.m; sourceTree = "<group>"; };
		6A91048C285AEF0B00CF809C /* SceneDelegate.h */ = {isa = PBXFileReference; lastKnownFileType = sourcecode.c.h; path = SceneDelegate.h; sourceTree = "<group>"; };
		6A91048D285AEF0B00CF809C /* SceneDelegate.m */ = {isa = PBXFileReference; lastKnownFileType = sourcecode.c.objc; path = SceneDelegate.m; sourceTree = "<group>"; };
		6A910493285AEF0B00CF809C /* Base */ = {isa = PBXFileReference; lastKnownFileType = file.storyboard; name = Base; path = Base.lproj/Main.storyboard; sourceTree = "<group>"; };
		6A910495285AEF0C00CF809C /* Assets.xcassets */ = {isa = PBXFileReference; lastKnownFileType = folder.assetcatalog; path = Assets.xcassets; sourceTree = "<group>"; };
		6A910498285AEF0C00CF809C /* Base */ = {isa = PBXFileReference; lastKnownFileType = file.storyboard; name = Base; path = Base.lproj/LaunchScreen.storyboard; sourceTree = "<group>"; };
		6A91049A285AEF0C00CF809C /* Info.plist */ = {isa = PBXFileReference; lastKnownFileType = text.plist.xml; path = Info.plist; sourceTree = "<group>"; };
		6A91049B285AEF0C00CF809C /* main.m */ = {isa = PBXFileReference; lastKnownFileType = sourcecode.c.objc; path = main.m; sourceTree = "<group>"; };
		6A9104A1285AEF0C00CF809C /* FlixterTests.xctest */ = {isa = PBXFileReference; explicitFileType = wrapper.cfbundle; includeInIndex = 0; path = FlixterTests.xctest; sourceTree = BUILT_PRODUCTS_DIR; };
		6A9104A5285AEF0C00CF809C /* FlixterTests.m */ = {isa = PBXFileReference; lastKnownFileType = sourcecode.c.objc; path = FlixterTests.m; sourceTree = "<group>"; };
		6A9104AB285AEF0C00CF809C /* FlixterUITests.xctest */ = {isa = PBXFileReference; explicitFileType = wrapper.cfbundle; includeInIndex = 0; path = FlixterUITests.xctest; sourceTree = BUILT_PRODUCTS_DIR; };
		6A9104AF285AEF0C00CF809C /* FlixterUITests.m */ = {isa = PBXFileReference; lastKnownFileType = sourcecode.c.objc; path = FlixterUITests.m; sourceTree = "<group>"; };
		6A9104B1285AEF0C00CF809C /* FlixterUITestsLaunchTests.m */ = {isa = PBXFileReference; lastKnownFileType = sourcecode.c.objc; path = FlixterUITestsLaunchTests.m; sourceTree = "<group>"; };
		6A9104BE285AFAF700CF809C /* MovieViewController.h */ = {isa = PBXFileReference; lastKnownFileType = sourcecode.c.h; path = MovieViewController.h; sourceTree = "<group>"; };
		6A9104BF285AFAF700CF809C /* MovieViewController.m */ = {isa = PBXFileReference; lastKnownFileType = sourcecode.c.objc; path = MovieViewController.m; sourceTree = "<group>"; };
		6D1093F1FA0D3EB45A270B5F /* Pods_FlixterTests.framework */ = {isa = PBXFileReference; explicitFileType = wrapper.framework; includeInIndex = 0; path = Pods_FlixterTests.framework; sourceTree = BUILT_PRODUCTS_DIR; };
		84B5C6D2521B8A637BE98DA3 /* Pods_Flixter.framework */ = {isa = PBXFileReference; explicitFileType = wrapper.framework; includeInIndex = 0; path = Pods_Flixter.framework; sourceTree = BUILT_PRODUCTS_DIR; };
		F86BABDB9DF52A853D588ADE /* Pods-Flixter.release.xcconfig */ = {isa = PBXFileReference; includeInIndex = 1; lastKnownFileType = text.xcconfig; name = "Pods-Flixter.release.xcconfig"; path = "Target Support Files/Pods-Flixter/Pods-Flixter.release.xcconfig"; sourceTree = "<group>"; };
/* End PBXFileReference section */

/* Begin PBXFrameworksBuildPhase section */
		6A910483285AEF0B00CF809C /* Frameworks */ = {
			isa = PBXFrameworksBuildPhase;
			buildActionMask = 2147483647;
			files = (
				B1E4FD5EDB953CE8F8EFB9FE /* Pods_Flixter.framework in Frameworks */,
			);
			runOnlyForDeploymentPostprocessing = 0;
		};
		6A91049E285AEF0C00CF809C /* Frameworks */ = {
			isa = PBXFrameworksBuildPhase;
			buildActionMask = 2147483647;
			files = (
				FE446CBF5CA0AA3D6562E10C /* Pods_FlixterTests.framework in Frameworks */,
			);
			runOnlyForDeploymentPostprocessing = 0;
		};
		6A9104A8285AEF0C00CF809C /* Frameworks */ = {
			isa = PBXFrameworksBuildPhase;
			buildActionMask = 2147483647;
			files = (
				B7184D3F88F44316991BD1F0 /* Pods_Flixter_FlixterUITests.framework in Frameworks */,
			);
			runOnlyForDeploymentPostprocessing = 0;
		};
/* End PBXFrameworksBuildPhase section */

/* Begin PBXGroup section */
		1946D567BB253E64EE15E8D9 /* Pods */ = {
			isa = PBXGroup;
			children = (
				4B1DC8631CAFBBE79EB53197 /* Pods-Flixter.debug.xcconfig */,
				F86BABDB9DF52A853D588ADE /* Pods-Flixter.release.xcconfig */,
				346BE1FCB543FA44F08BBD66 /* Pods-Flixter-FlixterUITests.debug.xcconfig */,
				627783F6775BB771CB580035 /* Pods-Flixter-FlixterUITests.release.xcconfig */,
				3A21A664EA3EF4D8202A1BD9 /* Pods-FlixterTests.debug.xcconfig */,
				62E7ECC8735939B871BC14F7 /* Pods-FlixterTests.release.xcconfig */,
			);
			path = Pods;
			sourceTree = "<group>";
		};
		4321A655188A3E8BED8369B9 /* Frameworks */ = {
			isa = PBXGroup;
			children = (
				84B5C6D2521B8A637BE98DA3 /* Pods_Flixter.framework */,
				2CFDE6DAD5A5D95852ECD411 /* Pods_Flixter_FlixterUITests.framework */,
				6D1093F1FA0D3EB45A270B5F /* Pods_FlixterTests.framework */,
			);
			name = Frameworks;
			sourceTree = "<group>";
		};
		6A91047D285AEF0B00CF809C = {
			isa = PBXGroup;
			children = (
				6A910488285AEF0B00CF809C /* Flixter */,
				6A9104A4285AEF0C00CF809C /* FlixterTests */,
				6A9104AE285AEF0C00CF809C /* FlixterUITests */,
				6A910487285AEF0B00CF809C /* Products */,
				1946D567BB253E64EE15E8D9 /* Pods */,
				4321A655188A3E8BED8369B9 /* Frameworks */,
			);
			sourceTree = "<group>";
		};
		6A910487285AEF0B00CF809C /* Products */ = {
			isa = PBXGroup;
			children = (
				6A910486285AEF0B00CF809C /* Flixter.app */,
				6A9104A1285AEF0C00CF809C /* FlixterTests.xctest */,
				6A9104AB285AEF0C00CF809C /* FlixterUITests.xctest */,
			);
			name = Products;
			sourceTree = "<group>";
		};
		6A910488285AEF0B00CF809C /* Flixter */ = {
			isa = PBXGroup;
			children = (
				6A910489285AEF0B00CF809C /* AppDelegate.h */,
				6A91048A285AEF0B00CF809C /* AppDelegate.m */,
				6A91048C285AEF0B00CF809C /* SceneDelegate.h */,
				6A91048D285AEF0B00CF809C /* SceneDelegate.m */,
				6A910492285AEF0B00CF809C /* Main.storyboard */,
				6A4ADBB2285CFBF40063A266 /* MovieGridCell.h */,
				6A4ADBB3285CFBF40063A266 /* MovieGridCell.m */,
				6A4ADBAC285CEA360063A266 /* MovieGridController.h */,
				6A4ADBAD285CEA360063A266 /* MovieGridController.m */,
				6A7C431F285BD21200929103 /* MovieCell.h */,
				6A34C87128663DA40047D286 /* APIManager.h */,
				6A34C87228663DA40047D286 /* APIManager.m */,
				6A7C4320285BD21200929103 /* MovieCell.m */,
				6A9104BE285AFAF700CF809C /* MovieViewController.h */,
				6A9104BF285AFAF700CF809C /* MovieViewController.m */,
				6A34C86E28661F710047D286 /* Movie.h */,
				6A34C86F28661F710047D286 /* Movie.m */,
				6A4ADBA6285C3B220063A266 /* DetailsViewController.h */,
				6A4ADBA7285C3B220063A266 /* DetailsViewController.m */,
				6A910495285AEF0C00CF809C /* Assets.xcassets */,
				6A910497285AEF0C00CF809C /* LaunchScreen.storyboard */,
				6A91049A285AEF0C00CF809C /* Info.plist */,
				6A91049B285AEF0C00CF809C /* main.m */,
			);
			path = Flixter;
			sourceTree = "<group>";
		};
		6A9104A4285AEF0C00CF809C /* FlixterTests */ = {
			isa = PBXGroup;
			children = (
				6A9104A5285AEF0C00CF809C /* FlixterTests.m */,
			);
			path = FlixterTests;
			sourceTree = "<group>";
		};
		6A9104AE285AEF0C00CF809C /* FlixterUITests */ = {
			isa = PBXGroup;
			children = (
				6A9104AF285AEF0C00CF809C /* FlixterUITests.m */,
				6A9104B1285AEF0C00CF809C /* FlixterUITestsLaunchTests.m */,
			);
			path = FlixterUITests;
			sourceTree = "<group>";
		};
/* End PBXGroup section */

/* Begin PBXNativeTarget section */
		6A910485285AEF0B00CF809C /* Flixter */ = {
			isa = PBXNativeTarget;
			buildConfigurationList = 6A9104B5285AEF0C00CF809C /* Build configuration list for PBXNativeTarget "Flixter" */;
			buildPhases = (
				4AABEAC68481FB19762345E6 /* [CP] Check Pods Manifest.lock */,
				6A910482285AEF0B00CF809C /* Sources */,
				6A910483285AEF0B00CF809C /* Frameworks */,
				6A910484285AEF0B00CF809C /* Resources */,
				39CFC70D90CE2A63D6D4B52B /* [CP] Embed Pods Frameworks */,
			);
			buildRules = (
			);
			dependencies = (
			);
			name = Flixter;
			productName = Flixter;
			productReference = 6A910486285AEF0B00CF809C /* Flixter.app */;
			productType = "com.apple.product-type.application";
		};
		6A9104A0285AEF0C00CF809C /* FlixterTests */ = {
			isa = PBXNativeTarget;
			buildConfigurationList = 6A9104B8285AEF0C00CF809C /* Build configuration list for PBXNativeTarget "FlixterTests" */;
			buildPhases = (
				FDDC97E7E1A29EE61CAE3465 /* [CP] Check Pods Manifest.lock */,
				6A91049D285AEF0C00CF809C /* Sources */,
				6A91049E285AEF0C00CF809C /* Frameworks */,
				6A91049F285AEF0C00CF809C /* Resources */,
			);
			buildRules = (
			);
			dependencies = (
				6A9104A3285AEF0C00CF809C /* PBXTargetDependency */,
			);
			name = FlixterTests;
			productName = FlixterTests;
			productReference = 6A9104A1285AEF0C00CF809C /* FlixterTests.xctest */;
			productType = "com.apple.product-type.bundle.unit-test";
		};
		6A9104AA285AEF0C00CF809C /* FlixterUITests */ = {
			isa = PBXNativeTarget;
			buildConfigurationList = 6A9104BB285AEF0C00CF809C /* Build configuration list for PBXNativeTarget "FlixterUITests" */;
			buildPhases = (
				410EA7DC66CFED45DEF95D50 /* [CP] Check Pods Manifest.lock */,
				6A9104A7285AEF0C00CF809C /* Sources */,
				6A9104A8285AEF0C00CF809C /* Frameworks */,
				6A9104A9285AEF0C00CF809C /* Resources */,
				198691F0C60387742A01CF51 /* [CP] Embed Pods Frameworks */,
			);
			buildRules = (
			);
			dependencies = (
				6A9104AD285AEF0C00CF809C /* PBXTargetDependency */,
			);
			name = FlixterUITests;
			productName = FlixterUITests;
			productReference = 6A9104AB285AEF0C00CF809C /* FlixterUITests.xctest */;
			productType = "com.apple.product-type.bundle.ui-testing";
		};
/* End PBXNativeTarget section */

/* Begin PBXProject section */
		6A91047E285AEF0B00CF809C /* Project object */ = {
			isa = PBXProject;
			attributes = {
				BuildIndependentTargetsInParallel = 1;
				LastUpgradeCheck = 1340;
				TargetAttributes = {
					6A910485285AEF0B00CF809C = {
						CreatedOnToolsVersion = 13.4.1;
					};
					6A9104A0285AEF0C00CF809C = {
						CreatedOnToolsVersion = 13.4.1;
						TestTargetID = 6A910485285AEF0B00CF809C;
					};
					6A9104AA285AEF0C00CF809C = {
						CreatedOnToolsVersion = 13.4.1;
						TestTargetID = 6A910485285AEF0B00CF809C;
					};
				};
			};
			buildConfigurationList = 6A910481285AEF0B00CF809C /* Build configuration list for PBXProject "Flixter" */;
			compatibilityVersion = "Xcode 13.0";
			developmentRegion = en;
			hasScannedForEncodings = 0;
			knownRegions = (
				en,
				Base,
			);
			mainGroup = 6A91047D285AEF0B00CF809C;
			productRefGroup = 6A910487285AEF0B00CF809C /* Products */;
			projectDirPath = "";
			projectRoot = "";
			targets = (
				6A910485285AEF0B00CF809C /* Flixter */,
				6A9104A0285AEF0C00CF809C /* FlixterTests */,
				6A9104AA285AEF0C00CF809C /* FlixterUITests */,
			);
		};
/* End PBXProject section */

/* Begin PBXResourcesBuildPhase section */
		6A910484285AEF0B00CF809C /* Resources */ = {
			isa = PBXResourcesBuildPhase;
			buildActionMask = 2147483647;
			files = (
				6A910499285AEF0C00CF809C /* LaunchScreen.storyboard in Resources */,
				6A910496285AEF0C00CF809C /* Assets.xcassets in Resources */,
				6A910494285AEF0B00CF809C /* Main.storyboard in Resources */,
			);
			runOnlyForDeploymentPostprocessing = 0;
		};
		6A91049F285AEF0C00CF809C /* Resources */ = {
			isa = PBXResourcesBuildPhase;
			buildActionMask = 2147483647;
			files = (
			);
			runOnlyForDeploymentPostprocessing = 0;
		};
		6A9104A9285AEF0C00CF809C /* Resources */ = {
			isa = PBXResourcesBuildPhase;
			buildActionMask = 2147483647;
			files = (
			);
			runOnlyForDeploymentPostprocessing = 0;
		};
/* End PBXResourcesBuildPhase section */

/* Begin PBXShellScriptBuildPhase section */
		198691F0C60387742A01CF51 /* [CP] Embed Pods Frameworks */ = {
			isa = PBXShellScriptBuildPhase;
			buildActionMask = 2147483647;
			files = (
			);
			inputFileListPaths = (
				"${PODS_ROOT}/Target Support Files/Pods-Flixter-FlixterUITests/Pods-Flixter-FlixterUITests-frameworks-${CONFIGURATION}-input-files.xcfilelist",
			);
			name = "[CP] Embed Pods Frameworks";
			outputFileListPaths = (
				"${PODS_ROOT}/Target Support Files/Pods-Flixter-FlixterUITests/Pods-Flixter-FlixterUITests-frameworks-${CONFIGURATION}-output-files.xcfilelist",
			);
			runOnlyForDeploymentPostprocessing = 0;
			shellPath = /bin/sh;
			shellScript = "\"${PODS_ROOT}/Target Support Files/Pods-Flixter-FlixterUITests/Pods-Flixter-FlixterUITests-frameworks.sh\"\n";
			showEnvVarsInLog = 0;
		};
		39CFC70D90CE2A63D6D4B52B /* [CP] Embed Pods Frameworks */ = {
			isa = PBXShellScriptBuildPhase;
			buildActionMask = 2147483647;
			files = (
			);
			inputFileListPaths = (
				"${PODS_ROOT}/Target Support Files/Pods-Flixter/Pods-Flixter-frameworks-${CONFIGURATION}-input-files.xcfilelist",
			);
			name = "[CP] Embed Pods Frameworks";
			outputFileListPaths = (
				"${PODS_ROOT}/Target Support Files/Pods-Flixter/Pods-Flixter-frameworks-${CONFIGURATION}-output-files.xcfilelist",
			);
			runOnlyForDeploymentPostprocessing = 0;
			shellPath = /bin/sh;
			shellScript = "\"${PODS_ROOT}/Target Support Files/Pods-Flixter/Pods-Flixter-frameworks.sh\"\n";
			showEnvVarsInLog = 0;
		};
		410EA7DC66CFED45DEF95D50 /* [CP] Check Pods Manifest.lock */ = {
			isa = PBXShellScriptBuildPhase;
			buildActionMask = 2147483647;
			files = (
			);
			inputFileListPaths = (
			);
			inputPaths = (
				"${PODS_PODFILE_DIR_PATH}/Podfile.lock",
				"${PODS_ROOT}/Manifest.lock",
			);
			name = "[CP] Check Pods Manifest.lock";
			outputFileListPaths = (
			);
			outputPaths = (
				"$(DERIVED_FILE_DIR)/Pods-Flixter-FlixterUITests-checkManifestLockResult.txt",
			);
			runOnlyForDeploymentPostprocessing = 0;
			shellPath = /bin/sh;
			shellScript = "diff \"${PODS_PODFILE_DIR_PATH}/Podfile.lock\" \"${PODS_ROOT}/Manifest.lock\" > /dev/null\nif [ $? != 0 ] ; then\n    # print error to STDERR\n    echo \"error: The sandbox is not in sync with the Podfile.lock. Run 'pod install' or update your CocoaPods installation.\" >&2\n    exit 1\nfi\n# This output is used by Xcode 'outputs' to avoid re-running this script phase.\necho \"SUCCESS\" > \"${SCRIPT_OUTPUT_FILE_0}\"\n";
			showEnvVarsInLog = 0;
		};
		4AABEAC68481FB19762345E6 /* [CP] Check Pods Manifest.lock */ = {
			isa = PBXShellScriptBuildPhase;
			buildActionMask = 2147483647;
			files = (
			);
			inputFileListPaths = (
			);
			inputPaths = (
				"${PODS_PODFILE_DIR_PATH}/Podfile.lock",
				"${PODS_ROOT}/Manifest.lock",
			);
			name = "[CP] Check Pods Manifest.lock";
			outputFileListPaths = (
			);
			outputPaths = (
				"$(DERIVED_FILE_DIR)/Pods-Flixter-checkManifestLockResult.txt",
			);
			runOnlyForDeploymentPostprocessing = 0;
			shellPath = /bin/sh;
			shellScript = "diff \"${PODS_PODFILE_DIR_PATH}/Podfile.lock\" \"${PODS_ROOT}/Manifest.lock\" > /dev/null\nif [ $? != 0 ] ; then\n    # print error to STDERR\n    echo \"error: The sandbox is not in sync with the Podfile.lock. Run 'pod install' or update your CocoaPods installation.\" >&2\n    exit 1\nfi\n# This output is used by Xcode 'outputs' to avoid re-running this script phase.\necho \"SUCCESS\" > \"${SCRIPT_OUTPUT_FILE_0}\"\n";
			showEnvVarsInLog = 0;
		};
		FDDC97E7E1A29EE61CAE3465 /* [CP] Check Pods Manifest.lock */ = {
			isa = PBXShellScriptBuildPhase;
			buildActionMask = 2147483647;
			files = (
			);
			inputFileListPaths = (
			);
			inputPaths = (
				"${PODS_PODFILE_DIR_PATH}/Podfile.lock",
				"${PODS_ROOT}/Manifest.lock",
			);
			name = "[CP] Check Pods Manifest.lock";
			outputFileListPaths = (
			);
			outputPaths = (
				"$(DERIVED_FILE_DIR)/Pods-FlixterTests-checkManifestLockResult.txt",
			);
			runOnlyForDeploymentPostprocessing = 0;
			shellPath = /bin/sh;
			shellScript = "diff \"${PODS_PODFILE_DIR_PATH}/Podfile.lock\" \"${PODS_ROOT}/Manifest.lock\" > /dev/null\nif [ $? != 0 ] ; then\n    # print error to STDERR\n    echo \"error: The sandbox is not in sync with the Podfile.lock. Run 'pod install' or update your CocoaPods installation.\" >&2\n    exit 1\nfi\n# This output is used by Xcode 'outputs' to avoid re-running this script phase.\necho \"SUCCESS\" > \"${SCRIPT_OUTPUT_FILE_0}\"\n";
			showEnvVarsInLog = 0;
		};
/* End PBXShellScriptBuildPhase section */

/* Begin PBXSourcesBuildPhase section */
		6A910482285AEF0B00CF809C /* Sources */ = {
			isa = PBXSourcesBuildPhase;
			buildActionMask = 2147483647;
			files = (
				6A91048B285AEF0B00CF809C /* AppDelegate.m in Sources */,
				6A4ADBAE285CEA360063A266 /* MovieGridController.m in Sources */,
				6A7C4321285BD21200929103 /* MovieCell.m in Sources */,
				6A91049C285AEF0C00CF809C /* main.m in Sources */,
				6A34C87328663DA40047D286 /* APIManager.m in Sources */,
				6A4ADBA8285C3B220063A266 /* DetailsViewController.m in Sources */,
				6A91048E285AEF0B00CF809C /* SceneDelegate.m in Sources */,
				6A34C87028661F710047D286 /* Movie.m in Sources */,
				6A4ADBB4285CFBF40063A266 /* MovieGridCell.m in Sources */,
				6A9104C0285AFAF700CF809C /* MovieViewController.m in Sources */,
			);
			runOnlyForDeploymentPostprocessing = 0;
		};
		6A91049D285AEF0C00CF809C /* Sources */ = {
			isa = PBXSourcesBuildPhase;
			buildActionMask = 2147483647;
			files = (
				6A9104A6285AEF0C00CF809C /* FlixterTests.m in Sources */,
			);
			runOnlyForDeploymentPostprocessing = 0;
		};
		6A9104A7285AEF0C00CF809C /* Sources */ = {
			isa = PBXSourcesBuildPhase;
			buildActionMask = 2147483647;
			files = (
				6A9104B0285AEF0C00CF809C /* FlixterUITests.m in Sources */,
				6A9104B2285AEF0C00CF809C /* FlixterUITestsLaunchTests.m in Sources */,
			);
			runOnlyForDeploymentPostprocessing = 0;
		};
/* End PBXSourcesBuildPhase section */

/* Begin PBXTargetDependency section */
		6A9104A3285AEF0C00CF809C /* PBXTargetDependency */ = {
			isa = PBXTargetDependency;
			target = 6A910485285AEF0B00CF809C /* Flixter */;
			targetProxy = 6A9104A2285AEF0C00CF809C /* PBXContainerItemProxy */;
		};
		6A9104AD285AEF0C00CF809C /* PBXTargetDependency */ = {
			isa = PBXTargetDependency;
			target = 6A910485285AEF0B00CF809C /* Flixter */;
			targetProxy = 6A9104AC285AEF0C00CF809C /* PBXContainerItemProxy */;
		};
/* End PBXTargetDependency section */

/* Begin PBXVariantGroup section */
		6A910492285AEF0B00CF809C /* Main.storyboard */ = {
			isa = PBXVariantGroup;
			children = (
				6A910493285AEF0B00CF809C /* Base */,
			);
			name = Main.storyboard;
			sourceTree = "<group>";
		};
		6A910497285AEF0C00CF809C /* LaunchScreen.storyboard */ = {
			isa = PBXVariantGroup;
			children = (
				6A910498285AEF0C00CF809C /* Base */,
			);
			name = LaunchScreen.storyboard;
			sourceTree = "<group>";
		};
/* End PBXVariantGroup section */

/* Begin XCBuildConfiguration section */
		6A9104B3285AEF0C00CF809C /* Debug */ = {
			isa = XCBuildConfiguration;
			buildSettings = {
				ALWAYS_SEARCH_USER_PATHS = NO;
				CLANG_ANALYZER_NONNULL = YES;
				CLANG_ANALYZER_NUMBER_OBJECT_CONVERSION = YES_AGGRESSIVE;
				CLANG_CXX_LANGUAGE_STANDARD = "gnu++17";
				CLANG_ENABLE_MODULES = YES;
				CLANG_ENABLE_OBJC_ARC = YES;
				CLANG_ENABLE_OBJC_WEAK = YES;
				CLANG_WARN_BLOCK_CAPTURE_AUTORELEASING = YES;
				CLANG_WARN_BOOL_CONVERSION = YES;
				CLANG_WARN_COMMA = YES;
				CLANG_WARN_CONSTANT_CONVERSION = YES;
				CLANG_WARN_DEPRECATED_OBJC_IMPLEMENTATIONS = YES;
				CLANG_WARN_DIRECT_OBJC_ISA_USAGE = YES_ERROR;
				CLANG_WARN_DOCUMENTATION_COMMENTS = YES;
				CLANG_WARN_EMPTY_BODY = YES;
				CLANG_WARN_ENUM_CONVERSION = YES;
				CLANG_WARN_INFINITE_RECURSION = YES;
				CLANG_WARN_INT_CONVERSION = YES;
				CLANG_WARN_NON_LITERAL_NULL_CONVERSION = YES;
				CLANG_WARN_OBJC_IMPLICIT_RETAIN_SELF = YES;
				CLANG_WARN_OBJC_LITERAL_CONVERSION = YES;
				CLANG_WARN_OBJC_ROOT_CLASS = YES_ERROR;
				CLANG_WARN_QUOTED_INCLUDE_IN_FRAMEWORK_HEADER = YES;
				CLANG_WARN_RANGE_LOOP_ANALYSIS = YES;
				CLANG_WARN_STRICT_PROTOTYPES = YES;
				CLANG_WARN_SUSPICIOUS_MOVE = YES;
				CLANG_WARN_UNGUARDED_AVAILABILITY = YES_AGGRESSIVE;
				CLANG_WARN_UNREACHABLE_CODE = YES;
				CLANG_WARN__DUPLICATE_METHOD_MATCH = YES;
				COPY_PHASE_STRIP = NO;
				DEBUG_INFORMATION_FORMAT = dwarf;
				ENABLE_STRICT_OBJC_MSGSEND = YES;
				ENABLE_TESTABILITY = YES;
				GCC_C_LANGUAGE_STANDARD = gnu11;
				GCC_DYNAMIC_NO_PIC = NO;
				GCC_NO_COMMON_BLOCKS = YES;
				GCC_OPTIMIZATION_LEVEL = 0;
				GCC_PREPROCESSOR_DEFINITIONS = (
					"DEBUG=1",
					"$(inherited)",
				);
				GCC_WARN_64_TO_32_BIT_CONVERSION = YES;
				GCC_WARN_ABOUT_RETURN_TYPE = YES_ERROR;
				GCC_WARN_UNDECLARED_SELECTOR = YES;
				GCC_WARN_UNINITIALIZED_AUTOS = YES_AGGRESSIVE;
				GCC_WARN_UNUSED_FUNCTION = YES;
				GCC_WARN_UNUSED_VARIABLE = YES;
				IPHONEOS_DEPLOYMENT_TARGET = 15.5;
				MTL_ENABLE_DEBUG_INFO = INCLUDE_SOURCE;
				MTL_FAST_MATH = YES;
				ONLY_ACTIVE_ARCH = YES;
				SDKROOT = iphoneos;
			};
			name = Debug;
		};
		6A9104B4285AEF0C00CF809C /* Release */ = {
			isa = XCBuildConfiguration;
			buildSettings = {
				ALWAYS_SEARCH_USER_PATHS = NO;
				CLANG_ANALYZER_NONNULL = YES;
				CLANG_ANALYZER_NUMBER_OBJECT_CONVERSION = YES_AGGRESSIVE;
				CLANG_CXX_LANGUAGE_STANDARD = "gnu++17";
				CLANG_ENABLE_MODULES = YES;
				CLANG_ENABLE_OBJC_ARC = YES;
				CLANG_ENABLE_OBJC_WEAK = YES;
				CLANG_WARN_BLOCK_CAPTURE_AUTORELEASING = YES;
				CLANG_WARN_BOOL_CONVERSION = YES;
				CLANG_WARN_COMMA = YES;
				CLANG_WARN_CONSTANT_CONVERSION = YES;
				CLANG_WARN_DEPRECATED_OBJC_IMPLEMENTATIONS = YES;
				CLANG_WARN_DIRECT_OBJC_ISA_USAGE = YES_ERROR;
				CLANG_WARN_DOCUMENTATION_COMMENTS = YES;
				CLANG_WARN_EMPTY_BODY = YES;
				CLANG_WARN_ENUM_CONVERSION = YES;
				CLANG_WARN_INFINITE_RECURSION = YES;
				CLANG_WARN_INT_CONVERSION = YES;
				CLANG_WARN_NON_LITERAL_NULL_CONVERSION = YES;
				CLANG_WARN_OBJC_IMPLICIT_RETAIN_SELF = YES;
				CLANG_WARN_OBJC_LITERAL_CONVERSION = YES;
				CLANG_WARN_OBJC_ROOT_CLASS = YES_ERROR;
				CLANG_WARN_QUOTED_INCLUDE_IN_FRAMEWORK_HEADER = YES;
				CLANG_WARN_RANGE_LOOP_ANALYSIS = YES;
				CLANG_WARN_STRICT_PROTOTYPES = YES;
				CLANG_WARN_SUSPICIOUS_MOVE = YES;
				CLANG_WARN_UNGUARDED_AVAILABILITY = YES_AGGRESSIVE;
				CLANG_WARN_UNREACHABLE_CODE = YES;
				CLANG_WARN__DUPLICATE_METHOD_MATCH = YES;
				COPY_PHASE_STRIP = NO;
				DEBUG_INFORMATION_FORMAT = "dwarf-with-dsym";
				ENABLE_NS_ASSERTIONS = NO;
				ENABLE_STRICT_OBJC_MSGSEND = YES;
				GCC_C_LANGUAGE_STANDARD = gnu11;
				GCC_NO_COMMON_BLOCKS = YES;
				GCC_WARN_64_TO_32_BIT_CONVERSION = YES;
				GCC_WARN_ABOUT_RETURN_TYPE = YES_ERROR;
				GCC_WARN_UNDECLARED_SELECTOR = YES;
				GCC_WARN_UNINITIALIZED_AUTOS = YES_AGGRESSIVE;
				GCC_WARN_UNUSED_FUNCTION = YES;
				GCC_WARN_UNUSED_VARIABLE = YES;
				IPHONEOS_DEPLOYMENT_TARGET = 15.5;
				MTL_ENABLE_DEBUG_INFO = NO;
				MTL_FAST_MATH = YES;
				SDKROOT = iphoneos;
				VALIDATE_PRODUCT = YES;
			};
			name = Release;
		};
		6A9104B6285AEF0C00CF809C /* Debug */ = {
			isa = XCBuildConfiguration;
			baseConfigurationReference = 4B1DC8631CAFBBE79EB53197 /* Pods-Flixter.debug.xcconfig */;
			buildSettings = {
				ASSETCATALOG_COMPILER_APPICON_NAME = AppIcon;
				ASSETCATALOG_COMPILER_GLOBAL_ACCENT_COLOR_NAME = AccentColor;
				CODE_SIGN_STYLE = Automatic;
				CURRENT_PROJECT_VERSION = 1;
				GENERATE_INFOPLIST_FILE = YES;
				INFOPLIST_FILE = Flixter/Info.plist;
				INFOPLIST_KEY_UIApplicationSupportsIndirectInputEvents = YES;
				INFOPLIST_KEY_UILaunchStoryboardName = LaunchScreen;
				INFOPLIST_KEY_UIMainStoryboardFile = Main;
				INFOPLIST_KEY_UISupportedInterfaceOrientations_iPad = "UIInterfaceOrientationPortrait UIInterfaceOrientationPortraitUpsideDown UIInterfaceOrientationLandscapeLeft UIInterfaceOrientationLandscapeRight";
				INFOPLIST_KEY_UISupportedInterfaceOrientations_iPhone = "UIInterfaceOrientationPortrait UIInterfaceOrientationLandscapeLeft UIInterfaceOrientationLandscapeRight";
				LD_RUNPATH_SEARCH_PATHS = (
					"$(inherited)",
					"@executable_path/Frameworks",
				);
				MARKETING_VERSION = 1.0;
				PRODUCT_BUNDLE_IDENTIFIER = com.uniquename.Flixter;
				PRODUCT_NAME = "$(TARGET_NAME)";
				SWIFT_EMIT_LOC_STRINGS = YES;
				TARGETED_DEVICE_FAMILY = "1,2";
			};
			name = Debug;
		};
		6A9104B7285AEF0C00CF809C /* Release */ = {
			isa = XCBuildConfiguration;
			baseConfigurationReference = F86BABDB9DF52A853D588ADE /* Pods-Flixter.release.xcconfig */;
			buildSettings = {
				ASSETCATALOG_COMPILER_APPICON_NAME = AppIcon;
				ASSETCATALOG_COMPILER_GLOBAL_ACCENT_COLOR_NAME = AccentColor;
				CODE_SIGN_STYLE = Automatic;
				CURRENT_PROJECT_VERSION = 1;
				GENERATE_INFOPLIST_FILE = YES;
				INFOPLIST_FILE = Flixter/Info.plist;
				INFOPLIST_KEY_UIApplicationSupportsIndirectInputEvents = YES;
				INFOPLIST_KEY_UILaunchStoryboardName = LaunchScreen;
				INFOPLIST_KEY_UIMainStoryboardFile = Main;
				INFOPLIST_KEY_UISupportedInterfaceOrientations_iPad = "UIInterfaceOrientationPortrait UIInterfaceOrientationPortraitUpsideDown UIInterfaceOrientationLandscapeLeft UIInterfaceOrientationLandscapeRight";
				INFOPLIST_KEY_UISupportedInterfaceOrientations_iPhone = "UIInterfaceOrientationPortrait UIInterfaceOrientationLandscapeLeft UIInterfaceOrientationLandscapeRight";
				LD_RUNPATH_SEARCH_PATHS = (
					"$(inherited)",
					"@executable_path/Frameworks",
				);
				MARKETING_VERSION = 1.0;
				PRODUCT_BUNDLE_IDENTIFIER = com.uniquename.Flixter;
				PRODUCT_NAME = "$(TARGET_NAME)";
				SWIFT_EMIT_LOC_STRINGS = YES;
				TARGETED_DEVICE_FAMILY = "1,2";
			};
			name = Release;
		};
		6A9104B9285AEF0C00CF809C /* Debug */ = {
			isa = XCBuildConfiguration;
			baseConfigurationReference = 3A21A664EA3EF4D8202A1BD9 /* Pods-FlixterTests.debug.xcconfig */;
			buildSettings = {
				BUNDLE_LOADER = "$(TEST_HOST)";
				CODE_SIGN_STYLE = Automatic;
				CURRENT_PROJECT_VERSION = 1;
				GENERATE_INFOPLIST_FILE = YES;
				IPHONEOS_DEPLOYMENT_TARGET = 15.5;
				MARKETING_VERSION = 1.0;
				PRODUCT_BUNDLE_IDENTIFIER = com.uniquename.FlixterTests;
				PRODUCT_NAME = "$(TARGET_NAME)";
				SWIFT_EMIT_LOC_STRINGS = NO;
				TARGETED_DEVICE_FAMILY = "1,2";
				TEST_HOST = "$(BUILT_PRODUCTS_DIR)/Flixter.app/Flixter";
			};
			name = Debug;
		};
		6A9104BA285AEF0C00CF809C /* Release */ = {
			isa = XCBuildConfiguration;
			baseConfigurationReference = 62E7ECC8735939B871BC14F7 /* Pods-FlixterTests.release.xcconfig */;
			buildSettings = {
				BUNDLE_LOADER = "$(TEST_HOST)";
				CODE_SIGN_STYLE = Automatic;
				CURRENT_PROJECT_VERSION = 1;
				GENERATE_INFOPLIST_FILE = YES;
				IPHONEOS_DEPLOYMENT_TARGET = 15.5;
				MARKETING_VERSION = 1.0;
				PRODUCT_BUNDLE_IDENTIFIER = com.uniquename.FlixterTests;
				PRODUCT_NAME = "$(TARGET_NAME)";
				SWIFT_EMIT_LOC_STRINGS = NO;
				TARGETED_DEVICE_FAMILY = "1,2";
				TEST_HOST = "$(BUILT_PRODUCTS_DIR)/Flixter.app/Flixter";
			};
			name = Release;
		};
		6A9104BC285AEF0C00CF809C /* Debug */ = {
			isa = XCBuildConfiguration;
			baseConfigurationReference = 346BE1FCB543FA44F08BBD66 /* Pods-Flixter-FlixterUITests.debug.xcconfig */;
			buildSettings = {
				CODE_SIGN_STYLE = Automatic;
				CURRENT_PROJECT_VERSION = 1;
				GENERATE_INFOPLIST_FILE = YES;
				MARKETING_VERSION = 1.0;
				PRODUCT_BUNDLE_IDENTIFIER = com.uniquename.FlixterUITests;
				PRODUCT_NAME = "$(TARGET_NAME)";
				SWIFT_EMIT_LOC_STRINGS = NO;
				TARGETED_DEVICE_FAMILY = "1,2";
				TEST_TARGET_NAME = Flixter;
			};
			name = Debug;
		};
		6A9104BD285AEF0C00CF809C /* Release */ = {
			isa = XCBuildConfiguration;
			baseConfigurationReference = 627783F6775BB771CB580035 /* Pods-Flixter-FlixterUITests.release.xcconfig */;
			buildSettings = {
				CODE_SIGN_STYLE = Automatic;
				CURRENT_PROJECT_VERSION = 1;
				GENERATE_INFOPLIST_FILE = YES;
				MARKETING_VERSION = 1.0;
				PRODUCT_BUNDLE_IDENTIFIER = com.uniquename.FlixterUITests;
				PRODUCT_NAME = "$(TARGET_NAME)";
				SWIFT_EMIT_LOC_STRINGS = NO;
				TARGETED_DEVICE_FAMILY = "1,2";
				TEST_TARGET_NAME = Flixter;
			};
			name = Release;
		};
/* End XCBuildConfiguration section */

/* Begin XCConfigurationList section */
		6A910481285AEF0B00CF809C /* Build configuration list for PBXProject "Flixter" */ = {
			isa = XCConfigurationList;
			buildConfigurations = (
				6A9104B3285AEF0C00CF809C /* Debug */,
				6A9104B4285AEF0C00CF809C /* Release */,
			);
			defaultConfigurationIsVisible = 0;
			defaultConfigurationName = Release;
		};
		6A9104B5285AEF0C00CF809C /* Build configuration list for PBXNativeTarget "Flixter" */ = {
			isa = XCConfigurationList;
			buildConfigurations = (
				6A9104B6285AEF0C00CF809C /* Debug */,
				6A9104B7285AEF0C00CF809C /* Release */,
			);
			defaultConfigurationIsVisible = 0;
			defaultConfigurationName = Release;
		};
		6A9104B8285AEF0C00CF809C /* Build configuration list for PBXNativeTarget "FlixterTests" */ = {
			isa = XCConfigurationList;
			buildConfigurations = (
				6A9104B9285AEF0C00CF809C /* Debug */,
				6A9104BA285AEF0C00CF809C /* Release */,
			);
			defaultConfigurationIsVisible = 0;
			defaultConfigurationName = Release;
		};
		6A9104BB285AEF0C00CF809C /* Build configuration list for PBXNativeTarget "FlixterUITests" */ = {
			isa = XCConfigurationList;
			buildConfigurations = (
				6A9104BC285AEF0C00CF809C /* Debug */,
				6A9104BD285AEF0C00CF809C /* Release */,
			);
			defaultConfigurationIsVisible = 0;
			defaultConfigurationName = Release;
		};
/* End XCConfigurationList section */
	};
	rootObject = 6A91047E285AEF0B00CF809C /* Project object */;
}
